github.com/devsisters/x264-go/x264c v0.0.0-20250625031250-c4d99bce3e41 h1:z/vwlYp3TwA1d2iCaId1E95K9OHbG6gd4qhQ65/CtZY=
github.com/devsisters/x264-go/x264c v0.0.0-20250625031250-c4d99bce3e41/go.mod h1:Tay5MiR0WVVjMRWp0p7NYABQIuNFojWru/3hZ2LT844=
github.com/devsisters/x264-go/yuv v0.0.0-20250625031250-c4d99bce3e41 h1:IyDpFEmI3hOXq6yovHbuEf56iq6x6ChGENkc1fbxRe4=
github.com/devsisters/x264-go/yuv v0.0.0-20250625031250-c4d99bce3e41/go.mod h1:QOAUQextIRNxtg98Ea4nyp8qf6AV4/ae4AgR5ndN1Lw=
